{
  "nodes": {
    "artiq": {
      "inputs": {
        "artiq-comtools": "artiq-comtools",
        "mozilla-overlay": "mozilla-overlay",
        "nixpkgs": "nixpkgs",
        "sipyco": "sipyco",
        "src-entangler": "src-entangler",
        "src-migen": "src-migen",
        "src-misoc": "src-misoc",
        "src-pythonparser": "src-pythonparser"
      },
      "locked": {
        "lastModified": 1759840606,
        "narHash": "sha256-Nn4EVFU6AglNHFMbHirMY3fsczP2YUpZJKPSbTpg3EY=",
        "ref": "release-8-oitg",
        "rev": "a89bc573067b0f0f48a3bf4bf72f5237978947b8",
        "revCount": 10399,
        "type": "git",
        "url": "ssh://git@gitlab.physics.ox.ac.uk/ion-trap/artiq.git"
      },
      "original": {
        "ref": "release-8-oitg",
        "type": "git",
        "url": "ssh://git@gitlab.physics.ox.ac.uk/ion-trap/artiq.git"
      }
    },
    "artiq-comtools": {
      "inputs": {
        "flake-utils": "flake-utils",
        "nixpkgs": [
          "artiq",
          "nixpkgs"
        ],
        "sipyco": [
          "artiq",
          "sipyco"
        ]
      },
      "locked": {
        "lastModified": 1734270714,
        "narHash": "sha256-7bzGn/hXLIsLQHGQsvo+uoIFUrw9DjXSlMC449BY4ME=",
        "owner": "m-labs",
        "repo": "artiq-comtools",
        "rev": "7e3152314af8f5987370e33b347b2ec2697567ed",
        "type": "github"
      },
      "original": {
        "owner": "m-labs",
        "repo": "artiq-comtools",
        "type": "github"
      }
    },
    "flake-utils": {
      "inputs": {
        "systems": "systems"
      },
      "locked": {
        "lastModified": 1710146030,
        "narHash": "sha256-SZ5L6eA7HJ/nmkzGG7/ISclqe6oZdOZTNoesiInkXPQ=",
        "owner": "numtide",
        "repo": "flake-utils",
        "rev": "b1d9ab70662946ef0850d488da1c9019f3a9752a",
        "type": "github"
      },
      "original": {
        "owner": "numtide",
        "repo": "flake-utils",
        "type": "github"
      }
    },
    "mozilla-overlay": {
      "flake": false,
      "locked": {
        "lastModified": 1744624473,
        "narHash": "sha256-S6zT/w5SyAkJ//dYdjbrXgm+6Vkd/k7qqUl4WgZ6jjk=",
        "owner": "mozilla",
        "repo": "nixpkgs-mozilla",
        "rev": "2292d4b35aa854e312ad2e95c4bb5c293656f21a",
        "type": "github"
      },
      "original": {
        "owner": "mozilla",
        "repo": "nixpkgs-mozilla",
        "type": "github"
      }
    },
    "nixpkgs": {
      "locked": {
        "lastModified": 1759281824,
        "narHash": "sha256-FIBE1qXv9TKvSNwst6FumyHwCRH3BlWDpfsnqRDCll0=",
        "owner": "NixOS",
        "repo": "nixpkgs",
        "rev": "5b5be50345d4113d04ba58c444348849f5585b4a",
        "type": "github"
      },
      "original": {
        "owner": "NixOS",
        "ref": "nixos-25.05",
        "repo": "nixpkgs",
        "type": "github"
      }
    },
    "root": {
      "inputs": {
        "artiq": "artiq",
        "src-andorEmccd": "src-andorEmccd",
        "src-llama": "src-llama",
        "src-ndscan": "src-ndscan",
        "src-oitg": "src-oitg",
        "src-oxart": "src-oxart",
        "src-oxart-devices": "src-oxart-devices"
      }
    },
    "sipyco": {
      "inputs": {
        "nixpkgs": [
          "artiq",
          "nixpkgs"
        ]
      },
      "locked": {
        "lastModified": 1734267097,
        "narHash": "sha256-aWg7XDiOlWnkXfDbKrBn9ITR46/JXfndvYHxFJ1vN78=",
        "owner": "m-labs",
        "repo": "sipyco",
        "rev": "430978ada3fefe32de01f1b884b3031e48aaef96",
        "type": "github"
      },
      "original": {
        "owner": "m-labs",
        "repo": "sipyco",
        "type": "github"
      }
    },
    "src-andorEmccd": {
      "flake": false,
      "locked": {
        "lastModified": 1647268041,
        "narHash": "sha256-oXyY+4KkTKYaQYS8KCNcaG/xhNfMrjgozvsTb4AxamM=",
        "owner": "dnadlinger",
        "repo": "andorEmccd",
        "rev": "c3b43bdaf8ef7806558ba4c51329d1a16c0a5ff8",
        "type": "github"
      },
      "original": {
        "owner": "dnadlinger",
        "repo": "andorEmccd",
        "type": "github"
      }
    },
    "src-entangler": {
      "flake": false,
      "locked": {
        "lastModified": 1706095408,
        "narHash": "sha256-SXDUFsSPopcYk/R4v/kuehFw6RhuvZ4K/l6MXjFbw0M=",
        "ref": "refs/heads/master",
        "rev": "2f6717d0bbe409b993bb2c15f6aefaa966f66ca2",
        "revCount": 171,
        "type": "git",
        "url": "ssh://git@gitlab.physics.ox.ac.uk/hardware/entangler-core.git"
      },
      "original": {
        "type": "git",
        "url": "ssh://git@gitlab.physics.ox.ac.uk/hardware/entangler-core.git"
      }
    },
    "src-llama": {
      "flake": false,
      "locked": {
        "lastModified": 1719654396,
        "narHash": "sha256-hN5nDQGPn1yZ1TmHvfPSZfX2Q9lWXar7z82KS2E4qqE=",
        "ref": "refs/heads/master",
        "rev": "82c1e2841ce46852375e2c9ba1f9bb153d2a7da1",
        "revCount": 19,
        "type": "git",
        "url": "ssh://git@gitlab.physics.ox.ac.uk/ion-trap/llama.git"
      },
      "original": {
        "type": "git",
        "url": "ssh://git@gitlab.physics.ox.ac.uk/ion-trap/llama.git"
      }
    },
    "src-migen": {
      "flake": false,
      "locked": {
        "lastModified": 1759465137,
        "narHash": "sha256-gRAvl5cUvrjq4t7htXsDBt4F8MEbHXFZoS0jbhrEs1I=",
        "owner": "m-labs",
        "repo": "migen",
        "rev": "147f003fb7076ac4c7cf76a9a5ce152dc10e0ca6",
        "type": "github"
      },
      "original": {
        "owner": "m-labs",
        "repo": "migen",
        "type": "github"
      }
    },
    "src-misoc": {
      "flake": false,
      "locked": {
        "lastModified": 1759465108,
        "narHash": "sha256-GIEZGhXh0yqk39d4RcUtSQAI2hR+Blq6nLymfDSJ9sM=",
        "ref": "refs/heads/master",
        "rev": "59043e979f78934f2c2f99ac417c65aa0c7be0b9",
        "revCount": 2503,
        "submodules": true,
        "type": "git",
        "url": "https://github.com/m-labs/misoc.git"
      },
      "original": {
        "submodules": true,
        "type": "git",
        "url": "https://github.com/m-labs/misoc.git"
      }
    },
    "src-ndscan": {
      "flake": false,
      "locked": {
        "lastModified": 1768404255,
        "narHash": "sha256-/aDFb5+gN9fuz7HZffxDd6w7SKMa5oWo6OgUfkuSovg=",
        "owner": "OxfordIonTrapGroup",
        "repo": "ndscan",
        "rev": "20e935199be62d10685be88bd59b75c021b6a459",
        "type": "github"
      },
      "original": {
        "owner": "OxfordIonTrapGroup",
        "repo": "ndscan",
        "type": "github"
      }
    },
    "src-oitg": {
      "flake": false,
      "locked": {
        "lastModified": 1755303327,
        "narHash": "sha256-BMVTzqeJKYCqyw/K6RuqudHJdSj5Ja5eEZO4Gm40iSo=",
        "owner": "OxfordIonTrapGroup",
        "repo": "oitg",
        "rev": "fb5547799818f1b2c9082c996f7b60192a67929d",
        "type": "github"
      },
      "original": {
        "owner": "OxfordIonTrapGroup",
        "repo": "oitg",
        "type": "github"
      }
    },
    "src-oxart": {
      "flake": false,
      "locked": {
        "lastModified": 1768495995,
        "narHash": "sha256-35WQ8wEs3BQfF29M1+mA5h8FbW1WMItpieAwfHpSeV4=",
        "ref": "refs/heads/master",
        "rev": "488d18391f72a9dae3653cfebac4307944304b8d",
        "revCount": 764,
        "type": "git",
        "url": "ssh://git@gitlab.physics.ox.ac.uk/ion-trap/oxart.git"
      },
      "original": {
        "type": "git",
        "url": "ssh://git@gitlab.physics.ox.ac.uk/ion-trap/oxart.git"
      }
    },
    "src-oxart-devices": {
      "flake": false,
      "locked": {
        "lastModified": 1768526815,
        "narHash": "sha256-NXaa7DQJo/Xi25IycFKOds1vN+W9g6qheD5bZ14/Uss=",
        "owner": "OxfordIonTrapGroup",
        "repo": "oxart-devices",
        "rev": "58ce79891e34a93669380fcc5ffc38d30244887e",
        "type": "github"
      },
      "original": {
        "owner": "OxfordIonTrapGroup",
        "repo": "oxart-devices",
        "type": "github"
      }
    },
    "src-pythonparser": {
      "flake": false,
      "locked": {
        "lastModified": 1628745371,
        "narHash": "sha256-p6TgeeaK4NEmbhimEXp31W8hVRo4DgWmcCoqZ+UdN60=",
        "owner": "m-labs",
        "repo": "pythonparser",
        "rev": "5413ee5c9f8760e95c6acd5d6e88dabb831ad201",
        "type": "github"
      },
      "original": {
        "owner": "m-labs",
        "repo": "pythonparser",
        "type": "github"
      }
    },
    "systems": {
      "locked": {
        "lastModified": 1681028828,
        "narHash": "sha256-Vy1rq5AaRuLzOxct8nz4T6wlgyUR7zLU309k9mBC768=",
        "owner": "nix-systems",
        "repo": "default",
        "rev": "da67096a3b9bf56a91d16901293e51ba5b49a27e",
        "type": "github"
      },
      "original": {
        "owner": "nix-systems",
        "repo": "default",
        "type": "github"
      }
    }
  },
  "root": "root",
  "version": 7
}
