{
  "nodes": {
    "artiq": {
      "inputs": {
        "artiq-comtools": "artiq-comtools",
        "mozilla-overlay": "mozilla-overlay",
        "nixpkgs": "nixpkgs",
        "sipyco": "sipyco",
        "src-entangler": "src-entangler",
        "src-migen": "src-migen",
        "src-misoc": "src-misoc",
        "src-pythonparser": "src-pythonparser"
      },
      "locked": {
        "lastModified": 1674141840,
        "narHash": "sha256-oRhbZ0Mei2DvvfHmSVHQAicIBYyO5BkFkFZJy4sU56s=",
        "ref": "refs/heads/master",
        "rev": "aeca04fe2784f67cdb4619c4e1b8e6315cfbdc36",
        "revCount": 9507,
        "type": "git",
        "url": "ssh://git@gitlab.physics.ox.ac.uk/ion-trap/artiq.git"
      },
      "original": {
        "type": "git",
        "url": "ssh://git@gitlab.physics.ox.ac.uk/ion-trap/artiq.git"
      }
    },
    "artiq-comtools": {
      "inputs": {
        "flake-utils": "flake-utils",
        "nixpkgs": [
          "artiq",
          "nixpkgs"
        ],
        "sipyco": [
          "artiq",
          "sipyco"
        ]
      },
      "locked": {
        "lastModified": 1664405593,
        "narHash": "sha256-yP441NerlLGig7n+9xHsx8yCtZ+Ggd0VqfBSzc20E04=",
        "owner": "m-labs",
        "repo": "artiq-comtools",
        "rev": "15ddac62813ef623a076ccf982b3bc63d314e651",
        "type": "github"
      },
      "original": {
        "owner": "m-labs",
        "repo": "artiq-comtools",
        "type": "github"
      }
    },
    "flake-utils": {
      "locked": {
        "lastModified": 1659877975,
        "narHash": "sha256-zllb8aq3YO3h8B/U0/J1WBgAL8EX5yWf5pMj3G0NAmc=",
        "owner": "numtide",
        "repo": "flake-utils",
        "rev": "c0e246b9b83f637f4681389ecabcb2681b4f3af0",
        "type": "github"
      },
      "original": {
        "owner": "numtide",
        "repo": "flake-utils",
        "type": "github"
      }
    },
    "mozilla-overlay": {
      "flake": false,
      "locked": {
        "lastModified": 1664789696,
        "narHash": "sha256-UGWJHQShiwLCr4/DysMVFrYdYYHcOqAOVsWNUu+l6YU=",
        "owner": "mozilla",
        "repo": "nixpkgs-mozilla",
        "rev": "80627b282705101e7b38e19ca6e8df105031b072",
        "type": "github"
      },
      "original": {
        "owner": "mozilla",
        "repo": "nixpkgs-mozilla",
        "type": "github"
      }
    },
    "nixpkgs": {
      "locked": {
        "lastModified": 1670856834,
        "narHash": "sha256-GitzxDZo7385SBoMpHRA9NBAhBh/5TBK8ptpQFAoMYc=",
        "owner": "NixOS",
        "repo": "nixpkgs",
        "rev": "06278c77b5d162e62df170fec307e83f1812d94b",
        "type": "github"
      },
      "original": {
        "owner": "NixOS",
        "ref": "nixos-22.11",
        "repo": "nixpkgs",
        "type": "github"
      }
    },
    "root": {
      "inputs": {
        "artiq": "artiq",
        "src-andorEmccd": "src-andorEmccd",
        "src-llama": "src-llama",
        "src-ndscan": "src-ndscan",
        "src-oitg": "src-oitg",
        "src-oxart": "src-oxart",
        "src-oxart-devices": "src-oxart-devices"
      }
    },
    "sipyco": {
      "inputs": {
        "nixpkgs": [
          "artiq",
          "nixpkgs"
        ]
      },
      "locked": {
        "lastModified": 1669369686,
        "narHash": "sha256-YHez+S3PTUgtuliUNB5WM+RXcj8RKLbHVRvOgELSkwU=",
        "owner": "m-labs",
        "repo": "sipyco",
        "rev": "98db6eacb084c2c5280fb653bee3d313e3ca6df8",
        "type": "github"
      },
      "original": {
        "owner": "m-labs",
        "repo": "sipyco",
        "type": "github"
      }
    },
    "src-andorEmccd": {
      "flake": false,
      "locked": {
        "lastModified": 1647268041,
        "narHash": "sha256-oXyY+4KkTKYaQYS8KCNcaG/xhNfMrjgozvsTb4AxamM=",
        "owner": "dnadlinger",
        "repo": "andorEmccd",
        "rev": "c3b43bdaf8ef7806558ba4c51329d1a16c0a5ff8",
        "type": "github"
      },
      "original": {
        "owner": "dnadlinger",
        "repo": "andorEmccd",
        "type": "github"
      }
    },
    "src-entangler": {
      "flake": false,
      "locked": {
        "lastModified": 1669983901,
        "narHash": "sha256-GPAi2Rf7Z+Y3oTlSpqOvPyvEzYcZs7pj+0+lOP0O+oM=",
        "ref": "refs/heads/master",
        "rev": "eaf92b9eb9e1c95eb2b048b6a5312d55c7a74e5f",
        "revCount": 148,
        "type": "git",
        "url": "ssh://git@gitlab.physics.ox.ac.uk/hardware/entangler-core.git"
      },
      "original": {
        "type": "git",
        "url": "ssh://git@gitlab.physics.ox.ac.uk/hardware/entangler-core.git"
      }
    },
    "src-llama": {
      "flake": false,
      "locked": {
        "lastModified": 1580958988,
        "narHash": "sha256-kKJgQBHBlocwRiBbBYhggFC5XHFzxtzdFhZeCVUooG0=",
        "ref": "refs/heads/master",
        "rev": "c652a916288c151baee236329a9d00d0d1516550",
        "revCount": 18,
        "type": "git",
        "url": "ssh://git@gitlab.physics.ox.ac.uk/ion-trap/llama.git"
      },
      "original": {
        "type": "git",
        "url": "ssh://git@gitlab.physics.ox.ac.uk/ion-trap/llama.git"
      }
    },
    "src-migen": {
      "flake": false,
      "locked": {
        "lastModified": 1670384013,
        "narHash": "sha256-qGHrUtCzyHLnTO02thv0UIGZyTaSR51S94+8ADmADHE=",
        "owner": "m-labs",
        "repo": "migen",
        "rev": "42eef5869bd88ae4df9ac808e28ad8d16ac31c41",
        "type": "github"
      },
      "original": {
        "owner": "m-labs",
        "repo": "migen",
        "type": "github"
      }
    },
    "src-misoc": {
      "flake": false,
      "locked": {
        "lastModified": 1669779825,
        "narHash": "sha256-l3lyy6dmbivo9Tppb08KHSyU89ZZG1CCcSjPlNRD210=",
        "ref": "refs/heads/master",
        "rev": "2c255775f732a41ba1a512ab3d2547af4e25f674",
        "revCount": 2435,
        "submodules": true,
        "type": "git",
        "url": "https://github.com/m-labs/misoc.git"
      },
      "original": {
        "submodules": true,
        "type": "git",
        "url": "https://github.com/m-labs/misoc.git"
      }
    },
    "src-ndscan": {
      "flake": false,
      "locked": {
        "lastModified": 1664479591,
        "narHash": "sha256-0/cWBYiVsiVb9Ebh0qWCABNNdbc8oPKB15LjpTvA0qQ=",
        "owner": "OxfordIonTrapGroup",
        "repo": "ndscan",
        "rev": "1b5526cd2c06257baa3de0c6ecade186bef9848f",
        "type": "github"
      },
      "original": {
        "owner": "OxfordIonTrapGroup",
        "repo": "ndscan",
        "type": "github"
      }
    },
    "src-oitg": {
      "flake": false,
      "locked": {
        "lastModified": 1674146003,
        "narHash": "sha256-fztD01edjuJL4uzWYZf0oViQkaJZTTfDi7o5F67JyUc=",
        "owner": "OxfordIonTrapGroup",
        "repo": "oitg",
        "rev": "2bb260bf8f55d84ceccbd83ea3440eba7eb969a8",
        "type": "github"
      },
      "original": {
        "owner": "OxfordIonTrapGroup",
        "repo": "oitg",
        "type": "github"
      }
    },
    "src-oxart": {
      "flake": false,
      "locked": {
        "lastModified": 1673969957,
        "narHash": "sha256-NWju7rmfb7grNjHoRcbzfE3tKGr6/t7rXeWx/hQe/sI=",
        "ref": "refs/heads/master",
        "rev": "d98b7ce2c2e837c4527479b18609dc67fe14bf90",
        "revCount": 668,
        "type": "git",
        "url": "ssh://git@gitlab.physics.ox.ac.uk/ion-trap/oxart.git"
      },
      "original": {
        "type": "git",
        "url": "ssh://git@gitlab.physics.ox.ac.uk/ion-trap/oxart.git"
      }
    },
    "src-oxart-devices": {
      "flake": false,
      "locked": {
        "lastModified": 1656149111,
        "narHash": "sha256-nAeIL1jyXYSyJkev55yrCnBptEmt6GBtmBy1jN9PG3s=",
        "owner": "OxfordIonTrapGroup",
        "repo": "oxart-devices",
        "rev": "a9c1906223b461adba57aad07673ecec2bff8d64",
        "type": "github"
      },
      "original": {
        "owner": "OxfordIonTrapGroup",
        "repo": "oxart-devices",
        "type": "github"
      }
    },
    "src-pythonparser": {
      "flake": false,
      "locked": {
        "lastModified": 1628745371,
        "narHash": "sha256-p6TgeeaK4NEmbhimEXp31W8hVRo4DgWmcCoqZ+UdN60=",
        "owner": "m-labs",
        "repo": "pythonparser",
        "rev": "5413ee5c9f8760e95c6acd5d6e88dabb831ad201",
        "type": "github"
      },
      "original": {
        "owner": "m-labs",
        "repo": "pythonparser",
        "type": "github"
      }
    }
  },
  "root": "root",
  "version": 7
}
