{
  "nodes": {
    "artiq": {
      "inputs": {
        "artiq-comtools": "artiq-comtools",
        "mozilla-overlay": "mozilla-overlay",
        "nixpkgs": "nixpkgs",
        "sipyco": "sipyco",
        "src-entangler": "src-entangler",
        "src-migen": "src-migen",
        "src-misoc": "src-misoc",
        "src-pythonparser": "src-pythonparser"
      },
      "locked": {
        "lastModified": 1669516338,
        "narHash": "sha256-l8mQ0zjbBvDIvLx7GQQjLXUyNcOMkNedCv9Iw8zS5oE=",
        "ref": "refs/heads/master",
        "rev": "8e463d43c5af31431c276e2d6b5cf680b02a786a",
        "revCount": 9459,
        "type": "git",
        "url": "ssh://git@gitlab.physics.ox.ac.uk/ion-trap/artiq.git"
      },
      "original": {
        "type": "git",
        "url": "ssh://git@gitlab.physics.ox.ac.uk/ion-trap/artiq.git"
      }
    },
    "artiq-comtools": {
      "inputs": {
        "flake-utils": "flake-utils",
        "nixpkgs": [
          "artiq",
          "nixpkgs"
        ],
        "sipyco": [
          "artiq",
          "sipyco"
        ]
      },
      "locked": {
        "lastModified": 1664405593,
        "narHash": "sha256-yP441NerlLGig7n+9xHsx8yCtZ+Ggd0VqfBSzc20E04=",
        "owner": "m-labs",
        "repo": "artiq-comtools",
        "rev": "15ddac62813ef623a076ccf982b3bc63d314e651",
        "type": "github"
      },
      "original": {
        "owner": "m-labs",
        "repo": "artiq-comtools",
        "type": "github"
      }
    },
    "flake-utils": {
      "locked": {
        "lastModified": 1659877975,
        "narHash": "sha256-zllb8aq3YO3h8B/U0/J1WBgAL8EX5yWf5pMj3G0NAmc=",
        "owner": "numtide",
        "repo": "flake-utils",
        "rev": "c0e246b9b83f637f4681389ecabcb2681b4f3af0",
        "type": "github"
      },
      "original": {
        "owner": "numtide",
        "repo": "flake-utils",
        "type": "github"
      }
    },
    "mozilla-overlay": {
      "flake": false,
      "locked": {
        "lastModified": 1664789696,
        "narHash": "sha256-UGWJHQShiwLCr4/DysMVFrYdYYHcOqAOVsWNUu+l6YU=",
        "owner": "mozilla",
        "repo": "nixpkgs-mozilla",
        "rev": "80627b282705101e7b38e19ca6e8df105031b072",
        "type": "github"
      },
      "original": {
        "owner": "mozilla",
        "repo": "nixpkgs-mozilla",
        "type": "github"
      }
    },
    "nixpkgs": {
      "locked": {
        "lastModified": 1668281765,
        "narHash": "sha256-6Tuj9CZ9HacMk7FJ8sF9XSVTBnUhVzlSY40Jo1krIaQ=",
        "owner": "NixOS",
        "repo": "nixpkgs",
        "rev": "c5091eec689acc45d4d818109236da31d3685ca2",
        "type": "github"
      },
      "original": {
        "owner": "NixOS",
        "ref": "nixos-22.05",
        "repo": "nixpkgs",
        "type": "github"
      }
    },
    "root": {
      "inputs": {
        "artiq": "artiq",
        "src-andorEmccd": "src-andorEmccd",
        "src-llama": "src-llama",
        "src-ndscan": "src-ndscan",
        "src-oitg": "src-oitg",
        "src-oxart": "src-oxart",
        "src-oxart-devices": "src-oxart-devices"
      }
    },
    "sipyco": {
      "inputs": {
        "nixpkgs": [
          "artiq",
          "nixpkgs"
        ]
      },
      "locked": {
        "lastModified": 1664319253,
        "narHash": "sha256-hycJAgy+NFF9f5I6++7yo8KdhMSyKCPKJazRPxeedI4=",
        "owner": "m-labs",
        "repo": "sipyco",
        "rev": "d58ded7280e0f020be2446d4fee70f4393e6045f",
        "type": "github"
      },
      "original": {
        "owner": "m-labs",
        "repo": "sipyco",
        "type": "github"
      }
    },
    "src-andorEmccd": {
      "flake": false,
      "locked": {
        "lastModified": 1647268041,
        "narHash": "sha256-oXyY+4KkTKYaQYS8KCNcaG/xhNfMrjgozvsTb4AxamM=",
        "owner": "dnadlinger",
        "repo": "andorEmccd",
        "rev": "c3b43bdaf8ef7806558ba4c51329d1a16c0a5ff8",
        "type": "github"
      },
      "original": {
        "owner": "dnadlinger",
        "repo": "andorEmccd",
        "type": "github"
      }
    },
    "src-entangler": {
      "flake": false,
      "locked": {
        "lastModified": 1666719664,
        "narHash": "sha256-1q8g6dJ9loxUKiCWOFvUs1eFJ6yEAT47mRfBuSRgM4Y=",
        "ref": "refs/heads/master",
        "rev": "d37caa5a9f5b6e03e6ce4fa5ae561289fa959492",
        "revCount": 142,
        "type": "git",
        "url": "ssh://git@gitlab.physics.ox.ac.uk/hardware/entangler-core.git"
      },
      "original": {
        "type": "git",
        "url": "ssh://git@gitlab.physics.ox.ac.uk/hardware/entangler-core.git"
      }
    },
    "src-llama": {
      "flake": false,
      "locked": {
        "lastModified": 1580958988,
        "narHash": "sha256-kKJgQBHBlocwRiBbBYhggFC5XHFzxtzdFhZeCVUooG0=",
        "ref": "refs/heads/master",
        "rev": "c652a916288c151baee236329a9d00d0d1516550",
        "revCount": 18,
        "type": "git",
        "url": "ssh://git@gitlab.physics.ox.ac.uk/ion-trap/llama.git"
      },
      "original": {
        "type": "git",
        "url": "ssh://git@gitlab.physics.ox.ac.uk/ion-trap/llama.git"
      }
    },
    "src-migen": {
      "flake": false,
      "locked": {
        "lastModified": 1662111470,
        "narHash": "sha256-IPyhoFZLhY8d3jHB8jyvGdbey7V+X5eCzBZYSrJ18ec=",
        "owner": "m-labs",
        "repo": "migen",
        "rev": "639e66f4f453438e83d86dc13491b9403bbd8ec6",
        "type": "github"
      },
      "original": {
        "owner": "m-labs",
        "repo": "migen",
        "type": "github"
      }
    },
    "src-misoc": {
      "flake": false,
      "locked": {
        "lastModified": 1665395741,
        "narHash": "sha256-7ULMGBPPn5NxZX6rdxU5GheoSNBiJklHQEVf04jU9tI=",
        "ref": "refs/heads/master",
        "rev": "4fb0730db4c5de7e86f82fa3bd204e6c4608af85",
        "revCount": 2427,
        "submodules": true,
        "type": "git",
        "url": "https://github.com/m-labs/misoc.git"
      },
      "original": {
        "submodules": true,
        "type": "git",
        "url": "https://github.com/m-labs/misoc.git"
      }
    },
    "src-ndscan": {
      "flake": false,
      "locked": {
        "lastModified": 1664479591,
        "narHash": "sha256-0/cWBYiVsiVb9Ebh0qWCABNNdbc8oPKB15LjpTvA0qQ=",
        "owner": "OxfordIonTrapGroup",
        "repo": "ndscan",
        "rev": "1b5526cd2c06257baa3de0c6ecade186bef9848f",
        "type": "github"
      },
      "original": {
        "owner": "OxfordIonTrapGroup",
        "repo": "ndscan",
        "type": "github"
      }
    },
    "src-oitg": {
      "flake": false,
      "locked": {
        "lastModified": 1663173810,
        "narHash": "sha256-aRC+5UQfLSilc4Xwz+8dI2thjSGGJZhMp6IadQ+zOTc=",
        "owner": "OxfordIonTrapGroup",
        "repo": "oitg",
        "rev": "14513e2c39961ff7238ad98ce06c269f766934b0",
        "type": "github"
      },
      "original": {
        "owner": "OxfordIonTrapGroup",
        "repo": "oitg",
        "type": "github"
      }
    },
    "src-oxart": {
      "flake": false,
      "locked": {
        "lastModified": 1669478533,
        "narHash": "sha256-Ph9lB3fNOg7XK8S+i82NYk9w0DXt5TuEgl2OMe0zjrM=",
        "ref": "refs/heads/master",
        "rev": "46f86488cb6050abb95712d99cc8296bf88f4bfa",
        "revCount": 664,
        "type": "git",
        "url": "ssh://git@gitlab.physics.ox.ac.uk/ion-trap/oxart.git"
      },
      "original": {
        "type": "git",
        "url": "ssh://git@gitlab.physics.ox.ac.uk/ion-trap/oxart.git"
      }
    },
    "src-oxart-devices": {
      "flake": false,
      "locked": {
        "lastModified": 1656149111,
        "narHash": "sha256-nAeIL1jyXYSyJkev55yrCnBptEmt6GBtmBy1jN9PG3s=",
        "owner": "OxfordIonTrapGroup",
        "repo": "oxart-devices",
        "rev": "a9c1906223b461adba57aad07673ecec2bff8d64",
        "type": "github"
      },
      "original": {
        "owner": "OxfordIonTrapGroup",
        "repo": "oxart-devices",
        "type": "github"
      }
    },
    "src-pythonparser": {
      "flake": false,
      "locked": {
        "lastModified": 1628745371,
        "narHash": "sha256-p6TgeeaK4NEmbhimEXp31W8hVRo4DgWmcCoqZ+UdN60=",
        "owner": "m-labs",
        "repo": "pythonparser",
        "rev": "5413ee5c9f8760e95c6acd5d6e88dabb831ad201",
        "type": "github"
      },
      "original": {
        "owner": "m-labs",
        "repo": "pythonparser",
        "type": "github"
      }
    }
  },
  "root": "root",
  "version": 7
}
